
Microsoft Visual Studio Solution File, Format Version 12.00
# Visual Studio 15
Project("{FAE04EC0-301F-11D3-BF4B-00C04F79EFBC}") = "HCIPC", "HCIPC\HCIPC.csproj", "{AA583944-AB32-47E5-9FD8-F4192F398A71}"
EndProject
Project("{FAE04EC0-301F-11D3-BF4B-00C04F79EFBC}") = "HCADWEB", "HCADWEB\HCADWEB.csproj", "{4E4E0782-2CBC-4C1B-8370-0E34227EAA5B}"
EndProject
Project("{FAE04EC0-301F-11D3-BF4B-00C04F79EFBC}") = "HCIPCWEB", "HCIPCWEB\HCIPCWEB.csproj", "{4C1988DD-6B28-4A7E-A5A7-12CB66422BB4}"
EndProject
Global
	GlobalSection(SolutionConfigurationPlatforms) = preSolution
		Debug|anycpu = Debug|anycpu
		Release|anycpu = Release|anycpu
	EndGlobalSection
	GlobalSection(ProjectConfigurationPlatforms) = postSolution
		{AA583944-AB32-47E5-9FD8-F4192F398A71}.Debug|anycpu.ActiveCfg = Debug|anycpu
		{AA583944-AB32-47E5-9FD8-F4192F398A71}.Debug|anycpu.Build.0 = Debug|anycpu
		{AA583944-AB32-47E5-9FD8-F4192F398A71}.Release|anycpu.ActiveCfg = Release|anycpu
		{AA583944-AB32-47E5-9FD8-F4192F398A71}.Release|anycpu.Build.0 = Release|anycpu
		{4E4E0782-2CBC-4C1B-8370-0E34227EAA5B}.Debug|anycpu.ActiveCfg = Debug|Any CPU
		{4E4E0782-2CBC-4C1B-8370-0E34227EAA5B}.Debug|anycpu.Build.0 = Debug|Any CPU
		{4E4E0782-2CBC-4C1B-8370-0E34227EAA5B}.Release|anycpu.ActiveCfg = Release|Any CPU
		{4E4E0782-2CBC-4C1B-8370-0E34227EAA5B}.Release|anycpu.Build.0 = Release|Any CPU
		{4C1988DD-6B28-4A7E-A5A7-12CB66422BB4}.Debug|anycpu.ActiveCfg = Debug|anycpu
		{4C1988DD-6B28-4A7E-A5A7-12CB66422BB4}.Debug|anycpu.Build.0 = Debug|anycpu
		{4C1988DD-6B28-4A7E-A5A7-12CB66422BB4}.Release|anycpu.ActiveCfg = Release|anycpu
		{4C1988DD-6B28-4A7E-A5A7-12CB66422BB4}.Release|anycpu.Build.0 = Release|anycpu
	EndGlobalSection
EndGlobal
